Microsoft Visual Studio Solution File, Format Version 12.00
# Visual Studio 14
VisualStudioVersion = 14.0.25420.1
MinimumVisualStudioVersion = 10.0.40219.1
Project("{2150E333-8FDC-42A3-9474-1A3956D46DE8}") = ".paket", ".paket", "{63297B98-5CED-492C-A5B7-A5B4F73CF142}"
	ProjectSection(SolutionItems) = preProject
		paket.dependencies = paket.dependencies
		paket.lock = paket.lock
	EndProjectSection
EndProject
Project("{2150E333-8FDC-42A3-9474-1A3956D46DE8}") = "docs", "docs", "{A6A6AF7D-D6E3-442D-9B1E-58CC91879BE1}"
EndProject
Project("{F2A71F9B-5D33-465A-A702-920D77279786}") = "LinqToSalesforce", "src\LinqToSalesforce\LinqToSalesforce.fsproj", "{8C8BA7E7-E688-418A-883A-A0C0AF64D375}"
EndProject
Project("{2150E333-8FDC-42A3-9474-1A3956D46DE8}") = "project", "project", "{BF60BC93-E09B-4E5F-9D85-95A519479D54}"
	ProjectSection(SolutionItems) = preProject
		build.fsx = build.fsx
		README.md = README.md
		RELEASE_NOTES.md = RELEASE_NOTES.md
	EndProjectSection
EndProject
Project("{2150E333-8FDC-42A3-9474-1A3956D46DE8}") = "tools", "tools", "{83F16175-43B1-4C90-A1EE-8E351C33435D}"
	ProjectSection(SolutionItems) = preProject
		docs\tools\generate.fsx = docs\tools\generate.fsx
		docs\tools\templates\template.cshtml = docs\tools\templates\template.cshtml
	EndProjectSection
EndProject
Project("{2150E333-8FDC-42A3-9474-1A3956D46DE8}") = "content", "content", "{8E6D5255-776D-4B61-85F9-73C37AA1FB9A}"
	ProjectSection(SolutionItems) = preProject
		docs\content\getting_started_with_salesforce.fsx = docs\content\getting_started_with_salesforce.fsx
		docs\content\index.fsx = docs\content\index.fsx
		docs\content\salesforce_api.fsx = docs\content\salesforce_api.fsx
		docs\content\tutorial.fsx = docs\content\tutorial.fsx
	EndProjectSection
EndProject
Project("{2150E333-8FDC-42A3-9474-1A3956D46DE8}") = "tests", "tests", "{ED8079DD-2B06-4030-9F0F-DC548F98E1C4}"
EndProject
Project("{F2A71F9B-5D33-465A-A702-920D77279786}") = "LinqToSalesforce.Tests", "tests\LinqToSalesforce.Tests\LinqToSalesforce.Tests.fsproj", "{07C592DC-C999-495C-AE35-216207A5DD34}"
EndProject
Project("{2150E333-8FDC-42A3-9474-1A3956D46DE8}") = "files", "files", "{AC02854F-3470-4043-AF8A-D46F4CB350D8}"
	ProjectSection(SolutionItems) = preProject
		src\files\Accountdescribe.json = src\files\Accountdescribe.json
		src\files\SelectAccountContacts.json = src\files\SelectAccountContacts.json
	EndProjectSection
EndProject
Project("{F2A71F9B-5D33-465A-A702-920D77279786}") = "LinqToSalesforce.ModelGenerator", "src\LinqToSalesforce.ModelGenerator\LinqToSalesforce.ModelGenerator.fsproj", "{56F71B7A-D2C0-4205-AE0D-D0934286F7BE}"
EndProject
Project("{FAE04EC0-301F-11D3-BF4B-00C04F79EFBC}") = "LinqToSalesforce.CsharpTests", "tests\LinqToSalesforce.CsharpTests\LinqToSalesforce.CsharpTests.csproj", "{D1EE7407-9CD7-4DF3-BFAF-A398BD2357E5}"
EndProject
Project("{2150E333-8FDC-42A3-9474-1A3956D46DE8}") = "samples", "samples", "{0BF79E32-6A85-4B46-801F-F67D9FDF5D70}"
EndProject
Project("{FAE04EC0-301F-11D3-BF4B-00C04F79EFBC}") = "LinqToSalesforce.Example1", "samples\LinqToSalesforce.Example1\LinqToSalesforce.Example1.csproj", "{C8971E7A-C89D-4140-979F-A0A8363CBB1E}"
EndProject
Project("{2150E333-8FDC-42A3-9474-1A3956D46DE8}") = "files", "files", "{6BCB0D08-BD68-4897-BAA8-3A67CBF64C6D}"
	ProjectSection(SolutionItems) = preProject
		docs\files\romcyber.css = docs\files\romcyber.css
	EndProjectSection
EndProject
Project("{2150E333-8FDC-42A3-9474-1A3956D46DE8}") = "img", "img", "{E1E37233-58AF-4F8F-BCE1-B5027C9B76A2}"
	ProjectSection(SolutionItems) = preProject
		docs\files\img\nuget_badge.svg.template = docs\files\img\nuget_badge.svg.template
		docs\files\img\nuget_badge_pre.svg.template = docs\files\img\nuget_badge_pre.svg.template
	EndProjectSection
EndProject
Project("{FAE04EC0-301F-11D3-BF4B-00C04F79EFBC}") = "LinqToSalesforce.VsPlugin", "src\LinqToSalesforce.VsPlugin\LinqToSalesforce.VsPlugin.csproj", "{1818C417-D15C-4F76-A5B2-98949EC75724}"
EndProject
Global
	GlobalSection(SolutionConfigurationPlatforms) = preSolution
		Debug|Any CPU = Debug|Any CPU
		Release|Any CPU = Release|Any CPU
	EndGlobalSection
	GlobalSection(ProjectConfigurationPlatforms) = postSolution
		{8C8BA7E7-E688-418A-883A-A0C0AF64D375}.Debug|Any CPU.ActiveCfg = Debug|Any CPU
		{8C8BA7E7-E688-418A-883A-A0C0AF64D375}.Debug|Any CPU.Build.0 = Debug|Any CPU
		{8C8BA7E7-E688-418A-883A-A0C0AF64D375}.Release|Any CPU.ActiveCfg = Release|Any CPU
		{8C8BA7E7-E688-418A-883A-A0C0AF64D375}.Release|Any CPU.Build.0 = Release|Any CPU
		{07C592DC-C999-495C-AE35-216207A5DD34}.Debug|Any CPU.ActiveCfg = Debug|Any CPU
		{07C592DC-C999-495C-AE35-216207A5DD34}.Debug|Any CPU.Build.0 = Debug|Any CPU
		{07C592DC-C999-495C-AE35-216207A5DD34}.Release|Any CPU.ActiveCfg = Release|Any CPU
		{07C592DC-C999-495C-AE35-216207A5DD34}.Release|Any CPU.Build.0 = Release|Any CPU
		{56F71B7A-D2C0-4205-AE0D-D0934286F7BE}.Debug|Any CPU.ActiveCfg = Debug|Any CPU
		{56F71B7A-D2C0-4205-AE0D-D0934286F7BE}.Debug|Any CPU.Build.0 = Debug|Any CPU
		{56F71B7A-D2C0-4205-AE0D-D0934286F7BE}.Release|Any CPU.ActiveCfg = Release|Any CPU
		{56F71B7A-D2C0-4205-AE0D-D0934286F7BE}.Release|Any CPU.Build.0 = Release|Any CPU
		{D1EE7407-9CD7-4DF3-BFAF-A398BD2357E5}.Debug|Any CPU.ActiveCfg = Debug|Any CPU
		{D1EE7407-9CD7-4DF3-BFAF-A398BD2357E5}.Debug|Any CPU.Build.0 = Debug|Any CPU
		{D1EE7407-9CD7-4DF3-BFAF-A398BD2357E5}.Release|Any CPU.ActiveCfg = Release|Any CPU
		{D1EE7407-9CD7-4DF3-BFAF-A398BD2357E5}.Release|Any CPU.Build.0 = Release|Any CPU
		{C8971E7A-C89D-4140-979F-A0A8363CBB1E}.Debug|Any CPU.ActiveCfg = Debug|Any CPU
		{C8971E7A-C89D-4140-979F-A0A8363CBB1E}.Debug|Any CPU.Build.0 = Debug|Any CPU
		{C8971E7A-C89D-4140-979F-A0A8363CBB1E}.Release|Any CPU.ActiveCfg = Release|Any CPU
		{C8971E7A-C89D-4140-979F-A0A8363CBB1E}.Release|Any CPU.Build.0 = Release|Any CPU
		{1818C417-D15C-4F76-A5B2-98949EC75724}.Debug|Any CPU.ActiveCfg = Debug|Any CPU
		{1818C417-D15C-4F76-A5B2-98949EC75724}.Debug|Any CPU.Build.0 = Debug|Any CPU
		{1818C417-D15C-4F76-A5B2-98949EC75724}.Release|Any CPU.ActiveCfg = Release|Any CPU
		{1818C417-D15C-4F76-A5B2-98949EC75724}.Release|Any CPU.Build.0 = Release|Any CPU
	EndGlobalSection
	GlobalSection(SolutionProperties) = preSolution
		HideSolutionNode = FALSE
	EndGlobalSection
	GlobalSection(NestedProjects) = preSolution
		{83F16175-43B1-4C90-A1EE-8E351C33435D} = {A6A6AF7D-D6E3-442D-9B1E-58CC91879BE1}
		{8E6D5255-776D-4B61-85F9-73C37AA1FB9A} = {A6A6AF7D-D6E3-442D-9B1E-58CC91879BE1}
		{07C592DC-C999-495C-AE35-216207A5DD34} = {ED8079DD-2B06-4030-9F0F-DC548F98E1C4}
		{D1EE7407-9CD7-4DF3-BFAF-A398BD2357E5} = {ED8079DD-2B06-4030-9F0F-DC548F98E1C4}
		{C8971E7A-C89D-4140-979F-A0A8363CBB1E} = {0BF79E32-6A85-4B46-801F-F67D9FDF5D70}
		{6BCB0D08-BD68-4897-BAA8-3A67CBF64C6D} = {A6A6AF7D-D6E3-442D-9B1E-58CC91879BE1}
		{E1E37233-58AF-4F8F-BCE1-B5027C9B76A2} = {6BCB0D08-BD68-4897-BAA8-3A67CBF64C6D}
	EndGlobalSection
EndGlobal
